
Microsoft Visual Studio Solution File, Format Version 12.00
# Visual Studio Version 17
VisualStudioVersion = 17.8.34330.188
MinimumVisualStudioVersion = 10.0.40219.1
Project("{FAE04EC0-301F-11D3-BF4B-00C04F79EFBC}") = "DelDiscordBot", "DelDiscordBot\DelDiscordBot.csproj", "{9B9C960B-DB39-43B8-B372-DF582070849E}"
EndProject
Global
	GlobalSection(SolutionConfigurationPlatforms) = preSolution
		Debug|Any CPU = Debug|Any CPU
		Release|Any CPU = Release|Any CPU
	EndGlobalSection
	GlobalSection(ProjectConfigurationPlatforms) = postSolution
		{9B9C960B-DB39-43B8-B372-DF582070849E}.Debug|Any CPU.ActiveCfg = Debug|Any CPU
		{9B9C960B-DB39-43B8-B372-DF582070849E}.Debug|Any CPU.Build.0 = Debug|Any CPU
		{9B9C960B-DB39-43B8-B372-DF582070849E}.Release|Any CPU.ActiveCfg = Release|Any CPU
		{9B9C960B-DB39-43B8-B372-DF582070849E}.Release|Any CPU.Build.0 = Release|Any CPU
	EndGlobalSection
	GlobalSection(SolutionProperties) = preSolution
		HideSolutionNode = FALSE
	EndGlobalSection
	GlobalSection(ExtensibilityGlobals) = postSolution
		SolutionGuid = {357C1995-A978-4638-8292-1E469C736419}
	EndGlobalSection
EndGlobal
